<?xml version="1.0" encoding="utf-8"?>
<Project ToolsVersion="4.0" xmlns="http://schemas.microsoft.com/developer/msbuild/2003">
  <ItemGroup>
    <Filter Include="源文件">
      <UniqueIdentifier>{4FC737F1-C7A5-4376-A066-2A32D752A2FF}</UniqueIdentifier>
      <Extensions>cpp;c;cc;cxx;c++;cppm;ixx;def;odl;idl;hpj;bat;asm;asmx</Extensions>
    </Filter>
    <Filter Include="头文件">
      <UniqueIdentifier>{93995380-89BD-4b04-88EB-625FBE52EBFB}</UniqueIdentifier>
      <Extensions>h;hh;hpp;hxx;h++;hm;inl;inc;ipp;xsd</Extensions>
    </Filter>
    <Filter Include="资源文件">
      <UniqueIdentifier>{67DA6AB6-F800-4c08-8B7A-83BB121AAD01}</UniqueIdentifier>
      <Extensions>rc;ico;cur;bmp;dlg;rc2;rct;bin;rgs;gif;jpg;jpeg;jpe;resx;tiff;tif;png;wav;mfcribbon-ms</Extensions>
    </Filter>
    <Filter Include="源文件\1D_Euler_Solver">
      <UniqueIdentifier>{04d43fbc-0533-4e2a-8ce5-16281b967819}</UniqueIdentifier>
    </Filter>
    <Filter Include="源文件\2D_Poisson_Equation">
      <UniqueIdentifier>{cee7e0a0-605a-4a01-b975-d91cdbb485f4}</UniqueIdentifier>
    </Filter>
    <Filter Include="库文件">
      <UniqueIdentifier>{6cd1d046-3d21-4c6c-8884-8ab1204199f8}</UniqueIdentifier>
    </Filter>
    <Filter Include="源文件\2DIncomp_Navier-Stokes_Equation">
      <UniqueIdentifier>{5d47dacb-9068-412e-b206-7e76847a3b57}</UniqueIdentifier>
    </Filter>
    <Filter Include="源文件\High Order Methods">
      <UniqueIdentifier>{946b15e9-d2a6-4e85-a0e7-731c2922d58f}</UniqueIdentifier>
    </Filter>
    <Filter Include="源文件\Math">
      <UniqueIdentifier>{0fa24d1c-ac59-4e11-93ec-66a28fcccbcd}</UniqueIdentifier>
    </Filter>
  </ItemGroup>
  <ItemGroup>
    <ClInclude Include="cfd_head.h">
      <Filter>头文件</Filter>
    </ClInclude>
    <ClInclude Include="Jacobi.h">
      <Filter>头文件</Filter>
    </ClInclude>
  </ItemGroup>
  <ItemGroup>
    <ClCompile Include="main.cpp">
      <Filter>源文件</Filter>
    </ClCompile>
    <ClCompile Include="Roe_Riemann_Solver.cpp">
      <Filter>源文件\1D_Euler_Solver</Filter>
    </ClCompile>
    <ClCompile Include="Euler_1D.cpp">
      <Filter>源文件\1D_Euler_Solver</Filter>
    </ClCompile>
    <ClCompile Include="HLLC_Riemann_Solver.cpp">
      <Filter>源文件\1D_Euler_Solver</Filter>
    </ClCompile>
    <ClCompile Include="Rusanov_Riemann_Solver.cpp">
      <Filter>源文件\1D_Euler_Solver</Filter>
    </ClCompile>
    <ClCompile Include="FFT.cpp">
      <Filter>源文件\2D_Poisson_Equation</Filter>
    </ClCompile>
    <ClCompile Include="Gauss_seidel.cpp">
      <Filter>源文件\2D_Poisson_Equation</Filter>
    </ClCompile>
    <ClCompile Include="Conjugate_Gradient.cpp">
      <Filter>源文件\2D_Poisson_Equation</Filter>
    </ClCompile>
    <ClCompile Include="FST.cpp">
      <Filter>源文件\2D_Poisson_Equation</Filter>
    </ClCompile>
    <ClCompile Include="Lid_Driven_Cavity.cpp">
      <Filter>源文件\2DIncomp_Navier-Stokes_Equation</Filter>
    </ClCompile>
    <ClCompile Include="HOM_Test.cpp">
      <Filter>源文件\High Order Methods</Filter>
    </ClCompile>
    <ClCompile Include="math.cpp">
      <Filter>源文件\Math</Filter>
    </ClCompile>
    <ClCompile Include="WENO5_Scheme.cpp">
      <Filter>源文件\Math</Filter>
    </ClCompile>
    <ClCompile Include="Jacobi.cpp">
      <Filter>源文件\Math</Filter>
    </ClCompile>
    <ClCompile Include="HOM1D_Helmholtz.cpp">
      <Filter>源文件\High Order Methods</Filter>
    </ClCompile>
  </ItemGroup>
  <ItemGroup>
    <Library Include="..\..\..\..\..\..\software\c_lib\fftw-3.3.5-dll64\libfftw3l-3.lib">
      <Filter>库文件</Filter>
    </Library>
    <Library Include="..\..\..\..\..\..\software\c_lib\fftw-3.3.5-dll64\libfftw3f-3.lib">
      <Filter>库文件</Filter>
    </Library>
    <Library Include="..\..\..\..\..\..\software\c_lib\fftw-3.3.5-dll64\libfftw3-3.lib">
      <Filter>库文件</Filter>
    </Library>
  </ItemGroup>
</Project>